// !$*UTF8*$!
{
	archiveVersion = 1;
	classes = {
	};
	objectVersion = 46;
	objects = {

/* Begin PBXBuildFile section */
		7D7777931AD9F825006671C3 /* main.m in Sources */ = {isa = PBXBuildFile; fileRef = 7D7777921AD9F825006671C3 /* main.m */; };
		7D7777961AD9F825006671C3 /* AppDelegate.m in Sources */ = {isa = PBXBuildFile; fileRef = 7D7777951AD9F825006671C3 /* AppDelegate.m */; };
		7D7777991AD9F825006671C3 /* ViewController.m in Sources */ = {isa = PBXBuildFile; fileRef = 7D7777981AD9F825006671C3 /* ViewController.m */; };
		7D77779C1AD9F826006671C3 /* Main.storyboard in Resources */ = {isa = PBXBuildFile; fileRef = 7D77779A1AD9F826006671C3 /* Main.storyboard */; };
		7D77779E1AD9F826006671C3 /* Images.xcassets in Resources */ = {isa = PBXBuildFile; fileRef = 7D77779D1AD9F826006671C3 /* Images.xcassets */; };
		7D7777A11AD9F826006671C3 /* LaunchScreen.xib in Resources */ = {isa = PBXBuildFile; fileRef = 7D77779F1AD9F826006671C3 /* LaunchScreen.xib */; };
		7D7777AD1AD9F828006671C3 /* Forest_GuardianTests.m in Sources */ = {isa = PBXBuildFile; fileRef = 7D7777AC1AD9F828006671C3 /* Forest_GuardianTests.m */; };
		7D7777B91AD9F9FF006671C3 /* ParseHelper.m in Sources */ = {isa = PBXBuildFile; fileRef = 7D7777B81AD9F9FF006671C3 /* ParseHelper.m */; };
		7D7777BD1ADA244D006671C3 /* FeedControllerViewController.m in Sources */ = {isa = PBXBuildFile; fileRef = 7D7777BC1ADA244D006671C3 /* FeedControllerViewController.m */; };
		7DA3F9451ADA6CA9002D9B97 /* ReportCellTableViewCell.m in Sources */ = {isa = PBXBuildFile; fileRef = 7DA3F9441ADA6CA9002D9B97 /* ReportCellTableViewCell.m */; };
		7DA3F9491ADA84D8002D9B97 /* Tiempo.m in Sources */ = {isa = PBXBuildFile; fileRef = 7DA3F9481ADA84D8002D9B97 /* Tiempo.m */; };
		9AC304D0E7E327A161C8E748 /* libPods.a in Frameworks */ = {isa = PBXBuildFile; fileRef = F6FE5BAD6C5533485443DC3F /* libPods.a */; };
/* End PBXBuildFile section */

/* Begin PBXContainerItemProxy section */
		7D7777A71AD9F828006671C3 /* PBXContainerItemProxy */ = {
			isa = PBXContainerItemProxy;
			containerPortal = 7D7777851AD9F825006671C3 /* Project object */;
			proxyType = 1;
			remoteGlobalIDString = 7D77778C1AD9F825006671C3;
			remoteInfo = "Forest Guardian";
		};
/* End PBXContainerItemProxy section */

/* Begin PBXFileReference section */
		21FF0E26E4C583B7F8249155 /* Pods.release.xcconfig */ = {isa = PBXFileReference; includeInIndex = 1; lastKnownFileType = text.xcconfig; name = Pods.release.xcconfig; path = "Pods/Target Support Files/Pods/Pods.release.xcconfig"; sourceTree = "<group>"; };
		3B77845A4AF6A6E9C60CEC8B /* Pods.debug.xcconfig */ = {isa = PBXFileReference; includeInIndex = 1; lastKnownFileType = text.xcconfig; name = Pods.debug.xcconfig; path = "Pods/Target Support Files/Pods/Pods.debug.xcconfig"; sourceTree = "<group>"; };
		7D77778D1AD9F825006671C3 /* Forest Guardian.app */ = {isa = PBXFileReference; explicitFileType = wrapper.application; includeInIndex = 0; path = "Forest Guardian.app"; sourceTree = BUILT_PRODUCTS_DIR; };
		7D7777911AD9F825006671C3 /* Info.plist */ = {isa = PBXFileReference; lastKnownFileType = text.plist.xml; path = Info.plist; sourceTree = "<group>"; };
		7D7777921AD9F825006671C3 /* main.m */ = {isa = PBXFileReference; lastKnownFileType = sourcecode.c.objc; path = main.m; sourceTree = "<group>"; };
		7D7777941AD9F825006671C3 /* AppDelegate.h */ = {isa = PBXFileReference; lastKnownFileType = sourcecode.c.h; path = AppDelegate.h; sourceTree = "<group>"; };
		7D7777951AD9F825006671C3 /* AppDelegate.m */ = {isa = PBXFileReference; lastKnownFileType = sourcecode.c.objc; path = AppDelegate.m; sourceTree = "<group>"; };
		7D7777971AD9F825006671C3 /* ViewController.h */ = {isa = PBXFileReference; lastKnownFileType = sourcecode.c.h; path = ViewController.h; sourceTree = "<group>"; };
		7D7777981AD9F825006671C3 /* ViewController.m */ = {isa = PBXFileReference; lastKnownFileType = sourcecode.c.objc; path = ViewController.m; sourceTree = "<group>"; };
		7D77779B1AD9F826006671C3 /* Base */ = {isa = PBXFileReference; lastKnownFileType = file.storyboard; name = Base; path = Base.lproj/Main.storyboard; sourceTree = "<group>"; };
		7D77779D1AD9F826006671C3 /* Images.xcassets */ = {isa = PBXFileReference; lastKnownFileType = folder.assetcatalog; path = Images.xcassets; sourceTree = "<group>"; };
		7D7777A01AD9F826006671C3 /* Base */ = {isa = PBXFileReference; lastKnownFileType = file.xib; name = Base; path = Base.lproj/LaunchScreen.xib; sourceTree = "<group>"; };
		7D7777A61AD9F828006671C3 /* Forest GuardianTests.xctest */ = {isa = PBXFileReference; explicitFileType = wrapper.cfbundle; includeInIndex = 0; path = "Forest GuardianTests.xctest"; sourceTree = BUILT_PRODUCTS_DIR; };
		7D7777AB1AD9F828006671C3 /* Info.plist */ = {isa = PBXFileReference; lastKnownFileType = text.plist.xml; path = Info.plist; sourceTree = "<group>"; };
		7D7777AC1AD9F828006671C3 /* Forest_GuardianTests.m */ = {isa = PBXFileReference; lastKnownFileType = sourcecode.c.objc; path = Forest_GuardianTests.m; sourceTree = "<group>"; };
		7D7777B71AD9F9FF006671C3 /* ParseHelper.h */ = {isa = PBXFileReference; fileEncoding = 4; lastKnownFileType = sourcecode.c.h; path = ParseHelper.h; sourceTree = "<group>"; };
		7D7777B81AD9F9FF006671C3 /* ParseHelper.m */ = {isa = PBXFileReference; fileEncoding = 4; lastKnownFileType = sourcecode.c.objc; path = ParseHelper.m; sourceTree = "<group>"; };
		7D7777BB1ADA244D006671C3 /* FeedControllerViewController.h */ = {isa = PBXFileReference; fileEncoding = 4; lastKnownFileType = sourcecode.c.h; path = FeedControllerViewController.h; sourceTree = "<group>"; };
		7D7777BC1ADA244D006671C3 /* FeedControllerViewController.m */ = {isa = PBXFileReference; fileEncoding = 4; lastKnownFileType = sourcecode.c.objc; path = FeedControllerViewController.m; sourceTree = "<group>"; };
		7DA3F9431ADA6CA9002D9B97 /* ReportCellTableViewCell.h */ = {isa = PBXFileReference; fileEncoding = 4; lastKnownFileType = sourcecode.c.h; path = ReportCellTableViewCell.h; sourceTree = "<group>"; };
		7DA3F9441ADA6CA9002D9B97 /* ReportCellTableViewCell.m */ = {isa = PBXFileReference; fileEncoding = 4; lastKnownFileType = sourcecode.c.objc; path = ReportCellTableViewCell.m; sourceTree = "<group>"; };
		7DA3F9471ADA84D8002D9B97 /* Tiempo.h */ = {isa = PBXFileReference; fileEncoding = 4; lastKnownFileType = sourcecode.c.h; path = Tiempo.h; sourceTree = "<group>"; };
		7DA3F9481ADA84D8002D9B97 /* Tiempo.m */ = {isa = PBXFileReference; fileEncoding = 4; lastKnownFileType = sourcecode.c.objc; path = Tiempo.m; sourceTree = "<group>"; };
		F6FE5BAD6C5533485443DC3F /* libPods.a */ = {isa = PBXFileReference; explicitFileType = archive.ar; includeInIndex = 0; path = libPods.a; sourceTree = BUILT_PRODUCTS_DIR; };
/* End PBXFileReference section */

/* Begin PBXFrameworksBuildPhase section */
		7D77778A1AD9F825006671C3 /* Frameworks */ = {
			isa = PBXFrameworksBuildPhase;
			buildActionMask = 2147483647;
			files = (
				9AC304D0E7E327A161C8E748 /* libPods.a in Frameworks */,
			);
			runOnlyForDeploymentPostprocessing = 0;
		};
		7D7777A31AD9F828006671C3 /* Frameworks */ = {
			isa = PBXFrameworksBuildPhase;
			buildActionMask = 2147483647;
			files = (
			);
			runOnlyForDeploymentPostprocessing = 0;
		};
/* End PBXFrameworksBuildPhase section */

/* Begin PBXGroup section */
		7D7777841AD9F825006671C3 = {
			isa = PBXGroup;
			children = (
				7D77778F1AD9F825006671C3 /* Forest Guardian */,
				7D7777A91AD9F828006671C3 /* Forest GuardianTests */,
				7D77778E1AD9F825006671C3 /* Products */,
				DE4BF5A2FE2CF2BD897E29A6 /* Pods */,
				9D1BE841DC2EEB3F4D343D68 /* Frameworks */,
			);
			sourceTree = "<group>";
		};
		7D77778E1AD9F825006671C3 /* Products */ = {
			isa = PBXGroup;
			children = (
				7D77778D1AD9F825006671C3 /* Forest Guardian.app */,
				7D7777A61AD9F828006671C3 /* Forest GuardianTests.xctest */,
			);
			name = Products;
			sourceTree = "<group>";
		};
		7D77778F1AD9F825006671C3 /* Forest Guardian */ = {
			isa = PBXGroup;
			children = (
				7DA3F9461ADA84A1002D9B97 /* Model */,
				7D7777BA1ADA2414006671C3 /* Controllers */,
				7D7777B61AD9F9AB006671C3 /* Backend */,
				7D7777941AD9F825006671C3 /* AppDelegate.h */,
				7D7777951AD9F825006671C3 /* AppDelegate.m */,
				7D77779A1AD9F826006671C3 /* Main.storyboard */,
				7D77779D1AD9F826006671C3 /* Images.xcassets */,
				7D77779F1AD9F826006671C3 /* LaunchScreen.xib */,
				7D7777901AD9F825006671C3 /* Supporting Files */,
			);
			path = "Forest Guardian";
			sourceTree = "<group>";
		};
		7D7777901AD9F825006671C3 /* Supporting Files */ = {
			isa = PBXGroup;
			children = (
				7D7777911AD9F825006671C3 /* Info.plist */,
				7D7777921AD9F825006671C3 /* main.m */,
			);
			name = "Supporting Files";
			sourceTree = "<group>";
		};
		7D7777A91AD9F828006671C3 /* Forest GuardianTests */ = {
			isa = PBXGroup;
			children = (
				7D7777AC1AD9F828006671C3 /* Forest_GuardianTests.m */,
				7D7777AA1AD9F828006671C3 /* Supporting Files */,
			);
			path = "Forest GuardianTests";
			sourceTree = "<group>";
		};
		7D7777AA1AD9F828006671C3 /* Supporting Files */ = {
			isa = PBXGroup;
			children = (
				7D7777AB1AD9F828006671C3 /* Info.plist */,
			);
			name = "Supporting Files";
			sourceTree = "<group>";
		};
		7D7777B61AD9F9AB006671C3 /* Backend */ = {
			isa = PBXGroup;
			children = (
				7D7777B71AD9F9FF006671C3 /* ParseHelper.h */,
				7D7777B81AD9F9FF006671C3 /* ParseHelper.m */,
			);
			name = Backend;
			sourceTree = "<group>";
		};
		7D7777BA1ADA2414006671C3 /* Controllers */ = {
			isa = PBXGroup;
			children = (
				7D7777971AD9F825006671C3 /* ViewController.h */,
				7D7777981AD9F825006671C3 /* ViewController.m */,
				7D7777BB1ADA244D006671C3 /* FeedControllerViewController.h */,
				7D7777BC1ADA244D006671C3 /* FeedControllerViewController.m */,
				7DA3F9431ADA6CA9002D9B97 /* ReportCellTableViewCell.h */,
				7DA3F9441ADA6CA9002D9B97 /* ReportCellTableViewCell.m */,
			);
			name = Controllers;
			sourceTree = "<group>";
		};
		7DA3F9461ADA84A1002D9B97 /* Model */ = {
			isa = PBXGroup;
			children = (
				7DA3F9471ADA84D8002D9B97 /* Tiempo.h */,
				7DA3F9481ADA84D8002D9B97 /* Tiempo.m */,
			);
			name = Model;
			sourceTree = "<group>";
		};
		9D1BE841DC2EEB3F4D343D68 /* Frameworks */ = {
			isa = PBXGroup;
			children = (
				F6FE5BAD6C5533485443DC3F /* libPods.a */,
			);
			name = Frameworks;
			sourceTree = "<group>";
		};
		DE4BF5A2FE2CF2BD897E29A6 /* Pods */ = {
			isa = PBXGroup;
			children = (
				3B77845A4AF6A6E9C60CEC8B /* Pods.debug.xcconfig */,
				21FF0E26E4C583B7F8249155 /* Pods.release.xcconfig */,
			);
			name = Pods;
			sourceTree = "<group>";
		};
/* End PBXGroup section */

/* Begin PBXNativeTarget section */
		7D77778C1AD9F825006671C3 /* Forest Guardian */ = {
			isa = PBXNativeTarget;
			buildConfigurationList = 7D7777B01AD9F828006671C3 /* Build configuration list for PBXNativeTarget "Forest Guardian" */;
			buildPhases = (
				E30FEF5090F7F9BCEB55D5E2 /* Check Pods Manifest.lock */,
				7D7777891AD9F825006671C3 /* Sources */,
				7D77778A1AD9F825006671C3 /* Frameworks */,
				7D77778B1AD9F825006671C3 /* Resources */,
				5E6B10754EDB3FC8E5A7E43B /* Copy Pods Resources */,
			);
			buildRules = (
			);
			dependencies = (
			);
			name = "Forest Guardian";
			productName = "Forest Guardian";
			productReference = 7D77778D1AD9F825006671C3 /* Forest Guardian.app */;
			productType = "com.apple.product-type.application";
		};
		7D7777A51AD9F828006671C3 /* Forest GuardianTests */ = {
			isa = PBXNativeTarget;
			buildConfigurationList = 7D7777B31AD9F828006671C3 /* Build configuration list for PBXNativeTarget "Forest GuardianTests" */;
			buildPhases = (
				7D7777A21AD9F828006671C3 /* Sources */,
				7D7777A31AD9F828006671C3 /* Frameworks */,
				7D7777A41AD9F828006671C3 /* Resources */,
			);
			buildRules = (
			);
			dependencies = (
				7D7777A81AD9F828006671C3 /* PBXTargetDependency */,
			);
			name = "Forest GuardianTests";
			productName = "Forest GuardianTests";
			productReference = 7D7777A61AD9F828006671C3 /* Forest GuardianTests.xctest */;
			productType = "com.apple.product-type.bundle.unit-test";
		};
/* End PBXNativeTarget section */

/* Begin PBXProject section */
		7D7777851AD9F825006671C3 /* Project object */ = {
			isa = PBXProject;
			attributes = {
				LastUpgradeCheck = 0630;
				ORGANIZATIONNAME = TEC;
				TargetAttributes = {
					7D77778C1AD9F825006671C3 = {
						CreatedOnToolsVersion = 6.3;
						DevelopmentTeam = V4LMV47U99;
					};
					7D7777A51AD9F828006671C3 = {
						CreatedOnToolsVersion = 6.3;
						TestTargetID = 7D77778C1AD9F825006671C3;
					};
				};
			};
			buildConfigurationList = 7D7777881AD9F825006671C3 /* Build configuration list for PBXProject "Forest Guardian" */;
			compatibilityVersion = "Xcode 3.2";
			developmentRegion = English;
			hasScannedForEncodings = 0;
			knownRegions = (
				en,
				Base,
			);
			mainGroup = 7D7777841AD9F825006671C3;
			productRefGroup = 7D77778E1AD9F825006671C3 /* Products */;
			projectDirPath = "";
			projectRoot = "";
			targets = (
				7D77778C1AD9F825006671C3 /* Forest Guardian */,
				7D7777A51AD9F828006671C3 /* Forest GuardianTests */,
			);
		};
/* End PBXProject section */

/* Begin PBXResourcesBuildPhase section */
		7D77778B1AD9F825006671C3 /* Resources */ = {
			isa = PBXResourcesBuildPhase;
			buildActionMask = 2147483647;
			files = (
				7D77779C1AD9F826006671C3 /* Main.storyboard in Resources */,
				7D7777A11AD9F826006671C3 /* LaunchScreen.xib in Resources */,
				7D77779E1AD9F826006671C3 /* Images.xcassets in Resources */,
			);
			runOnlyForDeploymentPostprocessing = 0;
		};
		7D7777A41AD9F828006671C3 /* Resources */ = {
			isa = PBXResourcesBuildPhase;
			buildActionMask = 2147483647;
			files = (
			);
			runOnlyForDeploymentPostprocessing = 0;
		};
/* End PBXResourcesBuildPhase section */

/* Begin PBXShellScriptBuildPhase section */
		5E6B10754EDB3FC8E5A7E43B /* Copy Pods Resources */ = {
			isa = PBXShellScriptBuildPhase;
			buildActionMask = 2147483647;
			files = (
			);
			inputPaths = (
			);
			name = "Copy Pods Resources";
			outputPaths = (
			);
			runOnlyForDeploymentPostprocessing = 0;
			shellPath = /bin/sh;
			shellScript = "\"${SRCROOT}/Pods/Target Support Files/Pods/Pods-resources.sh\"\n";
			showEnvVarsInLog = 0;
		};
		E30FEF5090F7F9BCEB55D5E2 /* Check Pods Manifest.lock */ = {
			isa = PBXShellScriptBuildPhase;
			buildActionMask = 2147483647;
			files = (
			);
			inputPaths = (
			);
			name = "Check Pods Manifest.lock";
			outputPaths = (
			);
			runOnlyForDeploymentPostprocessing = 0;
			shellPath = /bin/sh;
			shellScript = "diff \"${PODS_ROOT}/../Podfile.lock\" \"${PODS_ROOT}/Manifest.lock\" > /dev/null\nif [[ $? != 0 ]] ; then\n    cat << EOM\nerror: The sandbox is not in sync with the Podfile.lock. Run 'pod install' or update your CocoaPods installation.\nEOM\n    exit 1\nfi\n";
			showEnvVarsInLog = 0;
		};
/* End PBXShellScriptBuildPhase section */

/* Begin PBXSourcesBuildPhase section */
		7D7777891AD9F825006671C3 /* Sources */ = {
			isa = PBXSourcesBuildPhase;
			buildActionMask = 2147483647;
			files = (
				7D7777991AD9F825006671C3 /* ViewController.m in Sources */,
				7D7777961AD9F825006671C3 /* AppDelegate.m in Sources */,
				7D7777931AD9F825006671C3 /* main.m in Sources */,
				7D7777BD1ADA244D006671C3 /* FeedControllerViewController.m in Sources */,
				7D7777B91AD9F9FF006671C3 /* ParseHelper.m in Sources */,
				7DA3F9491ADA84D8002D9B97 /* Tiempo.m in Sources */,
				7DA3F9451ADA6CA9002D9B97 /* ReportCellTableViewCell.m in Sources */,
			);
			runOnlyForDeploymentPostprocessing = 0;
		};
		7D7777A21AD9F828006671C3 /* Sources */ = {
			isa = PBXSourcesBuildPhase;
			buildActionMask = 2147483647;
			files = (
				7D7777AD1AD9F828006671C3 /* Forest_GuardianTests.m in Sources */,
			);
			runOnlyForDeploymentPostprocessing = 0;
		};
/* End PBXSourcesBuildPhase section */

/* Begin PBXTargetDependency section */
		7D7777A81AD9F828006671C3 /* PBXTargetDependency */ = {
			isa = PBXTargetDependency;
			target = 7D77778C1AD9F825006671C3 /* Forest Guardian */;
			targetProxy = 7D7777A71AD9F828006671C3 /* PBXContainerItemProxy */;
		};
/* End PBXTargetDependency section */

/* Begin PBXVariantGroup section */
		7D77779A1AD9F826006671C3 /* Main.storyboard */ = {
			isa = PBXVariantGroup;
			children = (
				7D77779B1AD9F826006671C3 /* Base */,
			);
			name = Main.storyboard;
			sourceTree = "<group>";
		};
		7D77779F1AD9F826006671C3 /* LaunchScreen.xib */ = {
			isa = PBXVariantGroup;
			children = (
				7D7777A01AD9F826006671C3 /* Base */,
			);
			name = LaunchScreen.xib;
			sourceTree = "<group>";
		};
/* End PBXVariantGroup section */

/* Begin XCBuildConfiguration section */
		7D7777AE1AD9F828006671C3 /* Debug */ = {
			isa = XCBuildConfiguration;
			buildSettings = {
				ALWAYS_SEARCH_USER_PATHS = NO;
				CLANG_CXX_LANGUAGE_STANDARD = "gnu++0x";
				CLANG_CXX_LIBRARY = "libc++";
				CLANG_ENABLE_MODULES = YES;
				CLANG_ENABLE_OBJC_ARC = YES;
				CLANG_WARN_BOOL_CONVERSION = YES;
				CLANG_WARN_CONSTANT_CONVERSION = YES;
				CLANG_WARN_DIRECT_OBJC_ISA_USAGE = YES_ERROR;
				CLANG_WARN_EMPTY_BODY = YES;
				CLANG_WARN_ENUM_CONVERSION = YES;
				CLANG_WARN_INT_CONVERSION = YES;
				CLANG_WARN_OBJC_ROOT_CLASS = YES_ERROR;
				CLANG_WARN_UNREACHABLE_CODE = YES;
				CLANG_WARN__DUPLICATE_METHOD_MATCH = YES;
				"CODE_SIGN_IDENTITY[sdk=iphoneos*]" = "iPhone Developer";
				COPY_PHASE_STRIP = NO;
				DEBUG_INFORMATION_FORMAT = "dwarf-with-dsym";
				ENABLE_STRICT_OBJC_MSGSEND = YES;
				GCC_C_LANGUAGE_STANDARD = gnu99;
				GCC_DYNAMIC_NO_PIC = NO;
				GCC_NO_COMMON_BLOCKS = YES;
				GCC_OPTIMIZATION_LEVEL = 0;
				GCC_PREPROCESSOR_DEFINITIONS = (
					"DEBUG=1",
					"$(inherited)",
				);
				GCC_SYMBOLS_PRIVATE_EXTERN = NO;
				GCC_WARN_64_TO_32_BIT_CONVERSION = YES;
				GCC_WARN_ABOUT_RETURN_TYPE = YES_ERROR;
				GCC_WARN_UNDECLARED_SELECTOR = YES;
				GCC_WARN_UNINITIALIZED_AUTOS = YES_AGGRESSIVE;
				GCC_WARN_UNUSED_FUNCTION = YES;
				GCC_WARN_UNUSED_VARIABLE = YES;
				IPHONEOS_DEPLOYMENT_TARGET = 8.3;
				MTL_ENABLE_DEBUG_INFO = YES;
				ONLY_ACTIVE_ARCH = YES;
				SDKROOT = iphoneos;
			};
			name = Debug;
		};
		7D7777AF1AD9F828006671C3 /* Release */ = {
			isa = XCBuildConfiguration;
			buildSettings = {
				ALWAYS_SEARCH_USER_PATHS = NO;
				CLANG_CXX_LANGUAGE_STANDARD = "gnu++0x";
				CLANG_CXX_LIBRARY = "libc++";
				CLANG_ENABLE_MODULES = YES;
				CLANG_ENABLE_OBJC_ARC = YES;
				CLANG_WARN_BOOL_CONVERSION = YES;
				CLANG_WARN_CONSTANT_CONVERSION = YES;
				CLANG_WARN_DIRECT_OBJC_ISA_USAGE = YES_ERROR;
				CLANG_WARN_EMPTY_BODY = YES;
				CLANG_WARN_ENUM_CONVERSION = YES;
				CLANG_WARN_INT_CONVERSION = YES;
				CLANG_WARN_OBJC_ROOT_CLASS = YES_ERROR;
				CLANG_WARN_UNREACHABLE_CODE = YES;
				CLANG_WARN__DUPLICATE_METHOD_MATCH = YES;
				"CODE_SIGN_IDENTITY[sdk=iphoneos*]" = "iPhone Developer";
				COPY_PHASE_STRIP = NO;
				DEBUG_INFORMATION_FORMAT = "dwarf-with-dsym";
				ENABLE_NS_ASSERTIONS = NO;
				ENABLE_STRICT_OBJC_MSGSEND = YES;
				GCC_C_LANGUAGE_STANDARD = gnu99;
				GCC_NO_COMMON_BLOCKS = YES;
				GCC_WARN_64_TO_32_BIT_CONVERSION = YES;
				GCC_WARN_ABOUT_RETURN_TYPE = YES_ERROR;
				GCC_WARN_UNDECLARED_SELECTOR = YES;
				GCC_WARN_UNINITIALIZED_AUTOS = YES_AGGRESSIVE;
				GCC_WARN_UNUSED_FUNCTION = YES;
				GCC_WARN_UNUSED_VARIABLE = YES;
				IPHONEOS_DEPLOYMENT_TARGET = 8.3;
				MTL_ENABLE_DEBUG_INFO = NO;
				SDKROOT = iphoneos;
				VALIDATE_PRODUCT = YES;
			};
			name = Release;
		};
		7D7777B11AD9F828006671C3 /* Debug */ = {
			isa = XCBuildConfiguration;
			baseConfigurationReference = 3B77845A4AF6A6E9C60CEC8B /* Pods.debug.xcconfig */;
			buildSettings = {
				ASSETCATALOG_COMPILER_APPICON_NAME = AppIcon;
				CODE_SIGN_IDENTITY = "iPhone Developer";
				"CODE_SIGN_IDENTITY[sdk=iphoneos*]" = "iPhone Developer";
				FOURSQUARE_CALLBACK_URL = "forest-guardian://foursquare";
				FOURSQUARE_CLIENT_ID = CRCWPLE13BPWDCBKNXA0AAYFOTN3UDRKHM2ZIIVYIVR1HFHU;
				INFOPLIST_FILE = "Forest Guardian/Info.plist";
				LD_RUNPATH_SEARCH_PATHS = "$(inherited) @executable_path/Frameworks";
				PRODUCT_NAME = "$(TARGET_NAME)";
				PROVISIONING_PROFILE = "";
				TARGETED_DEVICE_FAMILY = 2;
			};
			name = Debug;
		};
		7D7777B21AD9F828006671C3 /* Release */ = {
			isa = XCBuildConfiguration;
			baseConfigurationReference = 21FF0E26E4C583B7F8249155 /* Pods.release.xcconfig */;
			buildSettings = {
				ASSETCATALOG_COMPILER_APPICON_NAME = AppIcon;
				CODE_SIGN_IDENTITY = "iPhone Developer";
				"CODE_SIGN_IDENTITY[sdk=iphoneos*]" = "iPhone Developer";
				FOURSQUARE_CALLBACK_URL = "forest-guardian://foursquare";
				FOURSQUARE_CLIENT_ID = CRCWPLE13BPWDCBKNXA0AAYFOTN3UDRKHM2ZIIVYIVR1HFHU;
				INFOPLIST_FILE = "Forest Guardian/Info.plist";
				LD_RUNPATH_SEARCH_PATHS = "$(inherited) @executable_path/Frameworks";
				PRODUCT_NAME = "$(TARGET_NAME)";
				PROVISIONING_PROFILE = "";
				TARGETED_DEVICE_FAMILY = 2;
			};
			name = Release;
		};
		7D7777B41AD9F828006671C3 /* Debug */ = {
			isa = XCBuildConfiguration;
			buildSettings = {
				BUNDLE_LOADER = "$(TEST_HOST)";
				FRAMEWORK_SEARCH_PATHS = (
					"$(SDKROOT)/Developer/Library/Frameworks",
					"$(inherited)",
				);
				GCC_PREPROCESSOR_DEFINITIONS = (
					"DEBUG=1",
					"$(inherited)",
				);
				INFOPLIST_FILE = "Forest GuardianTests/Info.plist";
				LD_RUNPATH_SEARCH_PATHS = "$(inherited) @executable_path/Frameworks @loader_path/Frameworks";
				PRODUCT_NAME = "$(TARGET_NAME)";
				TEST_HOST = "$(BUILT_PRODUCTS_DIR)/Forest Guardian.app/Forest Guardian";
			};
			name = Debug;
		};
		7D7777B51AD9F828006671C3 /* Release */ = {
			isa = XCBuildConfiguration;
			buildSettings = {
				BUNDLE_LOADER = "$(TEST_HOST)";
				FRAMEWORK_SEARCH_PATHS = (
					"$(SDKROOT)/Developer/Library/Frameworks",
					"$(inherited)",
				);
				INFOPLIST_FILE = "Forest GuardianTests/Info.plist";
				LD_RUNPATH_SEARCH_PATHS = "$(inherited) @executable_path/Frameworks @loader_path/Frameworks";
				PRODUCT_NAME = "$(TARGET_NAME)";
				TEST_HOST = "$(BUILT_PRODUCTS_DIR)/Forest Guardian.app/Forest Guardian";
			};
			name = Release;
		};
/* End XCBuildConfiguration section */

/* Begin XCConfigurationList section */
		7D7777881AD9F825006671C3 /* Build configuration list for PBXProject "Forest Guardian" */ = {
			isa = XCConfigurationList;
			buildConfigurations = (
				7D7777AE1AD9F828006671C3 /* Debug */,
				7D7777AF1AD9F828006671C3 /* Release */,
			);
			defaultConfigurationIsVisible = 0;
			defaultConfigurationName = Release;
		};
		7D7777B01AD9F828006671C3 /* Build configuration list for PBXNativeTarget "Forest Guardian" */ = {
			isa = XCConfigurationList;
			buildConfigurations = (
				7D7777B11AD9F828006671C3 /* Debug */,
				7D7777B21AD9F828006671C3 /* Release */,
			);
			defaultConfigurationIsVisible = 0;
			defaultConfigurationName = Release;
		};
		7D7777B31AD9F828006671C3 /* Build configuration list for PBXNativeTarget "Forest GuardianTests" */ = {
			isa = XCConfigurationList;
			buildConfigurations = (
				7D7777B41AD9F828006671C3 /* Debug */,
				7D7777B51AD9F828006671C3 /* Release */,
			);
			defaultConfigurationIsVisible = 0;
			defaultConfigurationName = Release;
		};
/* End XCConfigurationList section */
	};
	rootObject = 7D7777851AD9F825006671C3 /* Project object */;
}
